<Solution>
  <Configurations>
    <Platform Name="Any CPU" />
    <Platform Name="x64" />
    <Platform Name="x86" />
  </Configurations>
  <Folder Name="/src/">
    <Project Path="src/Tethys.Results/Tethys.Results.csproj" />
  </Folder>
  <Folder Name="/test/">
    <Project Path="test/Tethys.Test/Tethys.Test.csproj" />
  </Folder>
</Solution>
